// !$*UTF8*$!
{
	archiveVersion = 1;
	classes = {
	};
	objectVersion = 50;
	objects = {

/* Begin PBXBuildFile section */
		4C484DB0420FC0AEA27D10A4 /* Pods_XJHttpEngine.framework in Frameworks */ = {isa = PBXBuildFile; fileRef = 17A90AD093785BAE276A384F /* Pods_XJHttpEngine.framework */; };
		671A95AA22C9A7220003E456 /* AppDelegate.m in Sources */ = {isa = PBXBuildFile; fileRef = 671A95A922C9A7220003E456 /* AppDelegate.m */; };
		671A95AD22C9A7220003E456 /* ViewController.m in Sources */ = {isa = PBXBuildFile; fileRef = 671A95AC22C9A7220003E456 /* ViewController.m */; };
		671A95B022C9A7220003E456 /* Main.storyboard in Resources */ = {isa = PBXBuildFile; fileRef = 671A95AE22C9A7220003E456 /* Main.storyboard */; };
		671A95B222C9A7230003E456 /* Assets.xcassets in Resources */ = {isa = PBXBuildFile; fileRef = 671A95B122C9A7230003E456 /* Assets.xcassets */; };
		671A95B522C9A7230003E456 /* LaunchScreen.storyboard in Resources */ = {isa = PBXBuildFile; fileRef = 671A95B322C9A7230003E456 /* LaunchScreen.storyboard */; };
		671A95B822C9A7230003E456 /* main.m in Sources */ = {isa = PBXBuildFile; fileRef = 671A95B722C9A7230003E456 /* main.m */; };
		671A95C222C9A7230003E456 /* XJHttpEngineTests.m in Sources */ = {isa = PBXBuildFile; fileRef = 671A95C122C9A7230003E456 /* XJHttpEngineTests.m */; };
		671A95CD22C9A7230003E456 /* XJHttpEngineUITests.m in Sources */ = {isa = PBXBuildFile; fileRef = 671A95CC22C9A7230003E456 /* XJHttpEngineUITests.m */; };
		671A95DF22C9A8050003E456 /* XJRequestResponse.m in Sources */ = {isa = PBXBuildFile; fileRef = 671A95DC22C9A8050003E456 /* XJRequestResponse.m */; };
		671A95E022C9A8050003E456 /* XJHttpEngine.m in Sources */ = {isa = PBXBuildFile; fileRef = 671A95DE22C9A8050003E456 /* XJHttpEngine.m */; };
		80C5698324F34A5D5C97F627 /* Pods_XJHttpEngineUITests.framework in Frameworks */ = {isa = PBXBuildFile; fileRef = E9DA63B6DC1D2EBE7D467954 /* Pods_XJHttpEngineUITests.framework */; };
		A166D7269445F8984C4E5E79 /* Pods_XJHttpEngineTests.framework in Frameworks */ = {isa = PBXBuildFile; fileRef = 2CEE4181BE6FD236B9C39863 /* Pods_XJHttpEngineTests.framework */; };
/* End PBXBuildFile section */

/* Begin PBXContainerItemProxy section */
		671A95BE22C9A7230003E456 /* PBXContainerItemProxy */ = {
			isa = PBXContainerItemProxy;
			containerPortal = 671A959D22C9A7220003E456 /* Project object */;
			proxyType = 1;
			remoteGlobalIDString = 671A95A422C9A7220003E456;
			remoteInfo = XJHttpEngine;
		};
		671A95C922C9A7230003E456 /* PBXContainerItemProxy */ = {
			isa = PBXContainerItemProxy;
			containerPortal = 671A959D22C9A7220003E456 /* Project object */;
			proxyType = 1;
			remoteGlobalIDString = 671A95A422C9A7220003E456;
			remoteInfo = XJHttpEngine;
		};
/* End PBXContainerItemProxy section */

/* Begin PBXFileReference section */
		0FFD49D09A754A4775833682 /* Pods-XJHttpEngine.release.xcconfig */ = {isa = PBXFileReference; includeInIndex = 1; lastKnownFileType = text.xcconfig; name = "Pods-XJHttpEngine.release.xcconfig"; path = "Target Support Files/Pods-XJHttpEngine/Pods-XJHttpEngine.release.xcconfig"; sourceTree = "<group>"; };
		17A90AD093785BAE276A384F /* Pods_XJHttpEngine.framework */ = {isa = PBXFileReference; explicitFileType = wrapper.framework; includeInIndex = 0; path = Pods_XJHttpEngine.framework; sourceTree = BUILT_PRODUCTS_DIR; };
		2CEE4181BE6FD236B9C39863 /* Pods_XJHttpEngineTests.framework */ = {isa = PBXFileReference; explicitFileType = wrapper.framework; includeInIndex = 0; path = Pods_XJHttpEngineTests.framework; sourceTree = BUILT_PRODUCTS_DIR; };
		671A95A522C9A7220003E456 /* XJHttpEngine.app */ = {isa = PBXFileReference; explicitFileType = wrapper.application; includeInIndex = 0; path = XJHttpEngine.app; sourceTree = BUILT_PRODUCTS_DIR; };
		671A95A822C9A7220003E456 /* AppDelegate.h */ = {isa = PBXFileReference; lastKnownFileType = sourcecode.c.h; path = AppDelegate.h; sourceTree = "<group>"; };
		671A95A922C9A7220003E456 /* AppDelegate.m */ = {isa = PBXFileReference; lastKnownFileType = sourcecode.c.objc; path = AppDelegate.m; sourceTree = "<group>"; };
		671A95AB22C9A7220003E456 /* ViewController.h */ = {isa = PBXFileReference; lastKnownFileType = sourcecode.c.h; path = ViewController.h; sourceTree = "<group>"; };
		671A95AC22C9A7220003E456 /* ViewController.m */ = {isa = PBXFileReference; lastKnownFileType = sourcecode.c.objc; path = ViewController.m; sourceTree = "<group>"; };
		671A95AF22C9A7220003E456 /* Base */ = {isa = PBXFileReference; lastKnownFileType = file.storyboard; name = Base; path = Base.lproj/Main.storyboard; sourceTree = "<group>"; };
		671A95B122C9A7230003E456 /* Assets.xcassets */ = {isa = PBXFileReference; lastKnownFileType = folder.assetcatalog; path = Assets.xcassets; sourceTree = "<group>"; };
		671A95B422C9A7230003E456 /* Base */ = {isa = PBXFileReference; lastKnownFileType = file.storyboard; name = Base; path = Base.lproj/LaunchScreen.storyboard; sourceTree = "<group>"; };
		671A95B622C9A7230003E456 /* Info.plist */ = {isa = PBXFileReference; lastKnownFileType = text.plist.xml; path = Info.plist; sourceTree = "<group>"; };
		671A95B722C9A7230003E456 /* main.m */ = {isa = PBXFileReference; lastKnownFileType = sourcecode.c.objc; path = main.m; sourceTree = "<group>"; };
		671A95BD22C9A7230003E456 /* XJHttpEngineTests.xctest */ = {isa = PBXFileReference; explicitFileType = wrapper.cfbundle; includeInIndex = 0; path = XJHttpEngineTests.xctest; sourceTree = BUILT_PRODUCTS_DIR; };
		671A95C122C9A7230003E456 /* XJHttpEngineTests.m */ = {isa = PBXFileReference; lastKnownFileType = sourcecode.c.objc; path = XJHttpEngineTests.m; sourceTree = "<group>"; };
		671A95C322C9A7230003E456 /* Info.plist */ = {isa = PBXFileReference; lastKnownFileType = text.plist.xml; path = Info.plist; sourceTree = "<group>"; };
		671A95C822C9A7230003E456 /* XJHttpEngineUITests.xctest */ = {isa = PBXFileReference; explicitFileType = wrapper.cfbundle; includeInIndex = 0; path = XJHttpEngineUITests.xctest; sourceTree = BUILT_PRODUCTS_DIR; };
		671A95CC22C9A7230003E456 /* XJHttpEngineUITests.m */ = {isa = PBXFileReference; lastKnownFileType = sourcecode.c.objc; path = XJHttpEngineUITests.m; sourceTree = "<group>"; };
		671A95CE22C9A7230003E456 /* Info.plist */ = {isa = PBXFileReference; lastKnownFileType = text.plist.xml; path = Info.plist; sourceTree = "<group>"; };
		671A95DB22C9A8050003E456 /* XJRequestResponse.h */ = {isa = PBXFileReference; fileEncoding = 4; lastKnownFileType = sourcecode.c.h; path = XJRequestResponse.h; sourceTree = "<group>"; };
		671A95DC22C9A8050003E456 /* XJRequestResponse.m */ = {isa = PBXFileReference; fileEncoding = 4; lastKnownFileType = sourcecode.c.objc; path = XJRequestResponse.m; sourceTree = "<group>"; };
		671A95DD22C9A8050003E456 /* XJHttpEngine.h */ = {isa = PBXFileReference; fileEncoding = 4; lastKnownFileType = sourcecode.c.h; path = XJHttpEngine.h; sourceTree = "<group>"; };
		671A95DE22C9A8050003E456 /* XJHttpEngine.m */ = {isa = PBXFileReference; fileEncoding = 4; lastKnownFileType = sourcecode.c.objc; path = XJHttpEngine.m; sourceTree = "<group>"; };
		6B717844888572A6AF674F27 /* Pods-XJHttpEngineTests.debug.xcconfig */ = {isa = PBXFileReference; includeInIndex = 1; lastKnownFileType = text.xcconfig; name = "Pods-XJHttpEngineTests.debug.xcconfig"; path = "Target Support Files/Pods-XJHttpEngineTests/Pods-XJHttpEngineTests.debug.xcconfig"; sourceTree = "<group>"; };
		7FB1F1F994F55305CB0865BF /* Pods-XJHttpEngine.debug.xcconfig */ = {isa = PBXFileReference; includeInIndex = 1; lastKnownFileType = text.xcconfig; name = "Pods-XJHttpEngine.debug.xcconfig"; path = "Target Support Files/Pods-XJHttpEngine/Pods-XJHttpEngine.debug.xcconfig"; sourceTree = "<group>"; };
		85567FB16FEAE248A77B41DD /* Pods-XJHttpEngineUITests.release.xcconfig */ = {isa = PBXFileReference; includeInIndex = 1; lastKnownFileType = text.xcconfig; name = "Pods-XJHttpEngineUITests.release.xcconfig"; path = "Target Support Files/Pods-XJHttpEngineUITests/Pods-XJHttpEngineUITests.release.xcconfig"; sourceTree = "<group>"; };
		C6512FD5C4AA317FB28BA17C /* Pods-XJHttpEngineTests.release.xcconfig */ = {isa = PBXFileReference; includeInIndex = 1; lastKnownFileType = text.xcconfig; name = "Pods-XJHttpEngineTests.release.xcconfig"; path = "Target Support Files/Pods-XJHttpEngineTests/Pods-XJHttpEngineTests.release.xcconfig"; sourceTree = "<group>"; };
		D125195E2CBB94F3CDAF7DDF /* Pods-XJHttpEngineUITests.debug.xcconfig */ = {isa = PBXFileReference; includeInIndex = 1; lastKnownFileType = text.xcconfig; name = "Pods-XJHttpEngineUITests.debug.xcconfig"; path = "Target Support Files/Pods-XJHttpEngineUITests/Pods-XJHttpEngineUITests.debug.xcconfig"; sourceTree = "<group>"; };
		E9DA63B6DC1D2EBE7D467954 /* Pods_XJHttpEngineUITests.framework */ = {isa = PBXFileReference; explicitFileType = wrapper.framework; includeInIndex = 0; path = Pods_XJHttpEngineUITests.framework; sourceTree = BUILT_PRODUCTS_DIR; };
/* End PBXFileReference section */

/* Begin PBXFrameworksBuildPhase section */
		671A95A222C9A7220003E456 /* Frameworks */ = {
			isa = PBXFrameworksBuildPhase;
			buildActionMask = 2147483647;
			files = (
				4C484DB0420FC0AEA27D10A4 /* Pods_XJHttpEngine.framework in Frameworks */,
			);
			runOnlyForDeploymentPostprocessing = 0;
		};
		671A95BA22C9A7230003E456 /* Frameworks */ = {
			isa = PBXFrameworksBuildPhase;
			buildActionMask = 2147483647;
			files = (
				A166D7269445F8984C4E5E79 /* Pods_XJHttpEngineTests.framework in Frameworks */,
			);
			runOnlyForDeploymentPostprocessing = 0;
		};
		671A95C522C9A7230003E456 /* Frameworks */ = {
			isa = PBXFrameworksBuildPhase;
			buildActionMask = 2147483647;
			files = (
				80C5698324F34A5D5C97F627 /* Pods_XJHttpEngineUITests.framework in Frameworks */,
			);
			runOnlyForDeploymentPostprocessing = 0;
		};
/* End PBXFrameworksBuildPhase section */

/* Begin PBXGroup section */
		3CB89F9E4F57EF83B7A5F928 /* Pods */ = {
			isa = PBXGroup;
			children = (
				7FB1F1F994F55305CB0865BF /* Pods-XJHttpEngine.debug.xcconfig */,
				0FFD49D09A754A4775833682 /* Pods-XJHttpEngine.release.xcconfig */,
				6B717844888572A6AF674F27 /* Pods-XJHttpEngineTests.debug.xcconfig */,
				C6512FD5C4AA317FB28BA17C /* Pods-XJHttpEngineTests.release.xcconfig */,
				D125195E2CBB94F3CDAF7DDF /* Pods-XJHttpEngineUITests.debug.xcconfig */,
				85567FB16FEAE248A77B41DD /* Pods-XJHttpEngineUITests.release.xcconfig */,
			);
			name = Pods;
			path = Pods;
			sourceTree = "<group>";
		};
		671A959C22C9A7220003E456 = {
			isa = PBXGroup;
			children = (
				671A95A722C9A7220003E456 /* XJHttpEngine */,
				671A95C022C9A7230003E456 /* XJHttpEngineTests */,
				671A95CB22C9A7230003E456 /* XJHttpEngineUITests */,
				671A95A622C9A7220003E456 /* Products */,
				3CB89F9E4F57EF83B7A5F928 /* Pods */,
				F3471F2E5871C53E8494DB1B /* Frameworks */,
			);
			sourceTree = "<group>";
		};
		671A95A622C9A7220003E456 /* Products */ = {
			isa = PBXGroup;
			children = (
				671A95A522C9A7220003E456 /* XJHttpEngine.app */,
				671A95BD22C9A7230003E456 /* XJHttpEngineTests.xctest */,
				671A95C822C9A7230003E456 /* XJHttpEngineUITests.xctest */,
			);
			name = Products;
			sourceTree = "<group>";
		};
		671A95A722C9A7220003E456 /* XJHttpEngine */ = {
			isa = PBXGroup;
			children = (
				671A95DA22C9A7EE0003E456 /* XJHttpEngine */,
				671A95A822C9A7220003E456 /* AppDelegate.h */,
				671A95A922C9A7220003E456 /* AppDelegate.m */,
				671A95AB22C9A7220003E456 /* ViewController.h */,
				671A95AC22C9A7220003E456 /* ViewController.m */,
				671A95AE22C9A7220003E456 /* Main.storyboard */,
				671A95B122C9A7230003E456 /* Assets.xcassets */,
				671A95B322C9A7230003E456 /* LaunchScreen.storyboard */,
				671A95B622C9A7230003E456 /* Info.plist */,
				671A95B722C9A7230003E456 /* main.m */,
			);
			path = XJHttpEngine;
			sourceTree = "<group>";
		};
		671A95C022C9A7230003E456 /* XJHttpEngineTests */ = {
			isa = PBXGroup;
			children = (
				671A95C122C9A7230003E456 /* XJHttpEngineTests.m */,
				671A95C322C9A7230003E456 /* Info.plist */,
			);
			path = XJHttpEngineTests;
			sourceTree = "<group>";
		};
		671A95CB22C9A7230003E456 /* XJHttpEngineUITests */ = {
			isa = PBXGroup;
			children = (
				671A95CC22C9A7230003E456 /* XJHttpEngineUITests.m */,
				671A95CE22C9A7230003E456 /* Info.plist */,
			);
			path = XJHttpEngineUITests;
			sourceTree = "<group>";
		};
		671A95DA22C9A7EE0003E456 /* XJHttpEngine */ = {
			isa = PBXGroup;
			children = (
				671A95DD22C9A8050003E456 /* XJHttpEngine.h */,
				671A95DE22C9A8050003E456 /* XJHttpEngine.m */,
				671A95DB22C9A8050003E456 /* XJRequestResponse.h */,
				671A95DC22C9A8050003E456 /* XJRequestResponse.m */,
			);
			path = XJHttpEngine;
			sourceTree = "<group>";
		};
		F3471F2E5871C53E8494DB1B /* Frameworks */ = {
			isa = PBXGroup;
			children = (
				17A90AD093785BAE276A384F /* Pods_XJHttpEngine.framework */,
				2CEE4181BE6FD236B9C39863 /* Pods_XJHttpEngineTests.framework */,
				E9DA63B6DC1D2EBE7D467954 /* Pods_XJHttpEngineUITests.framework */,
			);
			name = Frameworks;
			sourceTree = "<group>";
		};
/* End PBXGroup section */

/* Begin PBXNativeTarget section */
		671A95A422C9A7220003E456 /* XJHttpEngine */ = {
			isa = PBXNativeTarget;
			buildConfigurationList = 671A95D122C9A7230003E456 /* Build configuration list for PBXNativeTarget "XJHttpEngine" */;
			buildPhases = (
				F415808DBAEE5FBF2B59FD15 /* [CP] Check Pods Manifest.lock */,
				671A95A122C9A7220003E456 /* Sources */,
				671A95A222C9A7220003E456 /* Frameworks */,
				671A95A322C9A7220003E456 /* Resources */,
				E06959BD2558A9816846F3FA /* [CP] Embed Pods Frameworks */,
			);
			buildRules = (
			);
			dependencies = (
			);
			name = XJHttpEngine;
			productName = XJHttpEngine;
			productReference = 671A95A522C9A7220003E456 /* XJHttpEngine.app */;
			productType = "com.apple.product-type.application";
		};
		671A95BC22C9A7230003E456 /* XJHttpEngineTests */ = {
			isa = PBXNativeTarget;
			buildConfigurationList = 671A95D422C9A7230003E456 /* Build configuration list for PBXNativeTarget "XJHttpEngineTests" */;
			buildPhases = (
				01E0965052AB347DD0A3508E /* [CP] Check Pods Manifest.lock */,
				671A95B922C9A7230003E456 /* Sources */,
				671A95BA22C9A7230003E456 /* Frameworks */,
				671A95BB22C9A7230003E456 /* Resources */,
			);
			buildRules = (
			);
			dependencies = (
				671A95BF22C9A7230003E456 /* PBXTargetDependency */,
			);
			name = XJHttpEngineTests;
			productName = XJHttpEngineTests;
			productReference = 671A95BD22C9A7230003E456 /* XJHttpEngineTests.xctest */;
			productType = "com.apple.product-type.bundle.unit-test";
		};
		671A95C722C9A7230003E456 /* XJHttpEngineUITests */ = {
			isa = PBXNativeTarget;
			buildConfigurationList = 671A95D722C9A7230003E456 /* Build configuration list for PBXNativeTarget "XJHttpEngineUITests" */;
			buildPhases = (
				56B0C37074147A6956F6DA85 /* [CP] Check Pods Manifest.lock */,
				671A95C422C9A7230003E456 /* Sources */,
				671A95C522C9A7230003E456 /* Frameworks */,
				671A95C622C9A7230003E456 /* Resources */,
			);
			buildRules = (
			);
			dependencies = (
				671A95CA22C9A7230003E456 /* PBXTargetDependency */,
			);
			name = XJHttpEngineUITests;
			productName = XJHttpEngineUITests;
			productReference = 671A95C822C9A7230003E456 /* XJHttpEngineUITests.xctest */;
			productType = "com.apple.product-type.bundle.ui-testing";
		};
/* End PBXNativeTarget section */

/* Begin PBXProject section */
		671A959D22C9A7220003E456 /* Project object */ = {
			isa = PBXProject;
			attributes = {
				LastUpgradeCheck = 1020;
				ORGANIZATIONNAME = "石显军";
				TargetAttributes = {
					671A95A422C9A7220003E456 = {
						CreatedOnToolsVersion = 10.2.1;
					};
					671A95BC22C9A7230003E456 = {
						CreatedOnToolsVersion = 10.2.1;
						TestTargetID = 671A95A422C9A7220003E456;
					};
					671A95C722C9A7230003E456 = {
						CreatedOnToolsVersion = 10.2.1;
						TestTargetID = 671A95A422C9A7220003E456;
					};
				};
			};
			buildConfigurationList = 671A95A022C9A7220003E456 /* Build configuration list for PBXProject "XJHttpEngine" */;
			compatibilityVersion = "Xcode 9.3";
			developmentRegion = en;
			hasScannedForEncodings = 0;
			knownRegions = (
				en,
				Base,
			);
			mainGroup = 671A959C22C9A7220003E456;
			productRefGroup = 671A95A622C9A7220003E456 /* Products */;
			projectDirPath = "";
			projectRoot = "";
			targets = (
				671A95A422C9A7220003E456 /* XJHttpEngine */,
				671A95BC22C9A7230003E456 /* XJHttpEngineTests */,
				671A95C722C9A7230003E456 /* XJHttpEngineUITests */,
			);
		};
/* End PBXProject section */

/* Begin PBXResourcesBuildPhase section */
		671A95A322C9A7220003E456 /* Resources */ = {
			isa = PBXResourcesBuildPhase;
			buildActionMask = 2147483647;
			files = (
				671A95B522C9A7230003E456 /* LaunchScreen.storyboard in Resources */,
				671A95B222C9A7230003E456 /* Assets.xcassets in Resources */,
				671A95B022C9A7220003E456 /* Main.storyboard in Resources */,
			);
			runOnlyForDeploymentPostprocessing = 0;
		};
		671A95BB22C9A7230003E456 /* Resources */ = {
			isa = PBXResourcesBuildPhase;
			buildActionMask = 2147483647;
			files = (
			);
			runOnlyForDeploymentPostprocessing = 0;
		};
		671A95C622C9A7230003E456 /* Resources */ = {
			isa = PBXResourcesBuildPhase;
			buildActionMask = 2147483647;
			files = (
			);
			runOnlyForDeploymentPostprocessing = 0;
		};
/* End PBXResourcesBuildPhase section */

/* Begin PBXShellScriptBuildPhase section */
		01E0965052AB347DD0A3508E /* [CP] Check Pods Manifest.lock */ = {
			isa = PBXShellScriptBuildPhase;
			buildActionMask = 2147483647;
			files = (
			);
			inputFileListPaths = (
			);
			inputPaths = (
				"${PODS_PODFILE_DIR_PATH}/Podfile.lock",
				"${PODS_ROOT}/Manifest.lock",
			);
			name = "[CP] Check Pods Manifest.lock";
			outputFileListPaths = (
			);
			outputPaths = (
				"$(DERIVED_FILE_DIR)/Pods-XJHttpEngineTests-checkManifestLockResult.txt",
			);
			runOnlyForDeploymentPostprocessing = 0;
			shellPath = /bin/sh;
			shellScript = "diff \"${PODS_PODFILE_DIR_PATH}/Podfile.lock\" \"${PODS_ROOT}/Manifest.lock\" > /dev/null\nif [ $? != 0 ] ; then\n    # print error to STDERR\n    echo \"error: The sandbox is not in sync with the Podfile.lock. Run 'pod install' or update your CocoaPods installation.\" >&2\n    exit 1\nfi\n# This output is used by Xcode 'outputs' to avoid re-running this script phase.\necho \"SUCCESS\" > \"${SCRIPT_OUTPUT_FILE_0}\"\n";
			showEnvVarsInLog = 0;
		};
		56B0C37074147A6956F6DA85 /* [CP] Check Pods Manifest.lock */ = {
			isa = PBXShellScriptBuildPhase;
			buildActionMask = 2147483647;
			files = (
			);
			inputFileListPaths = (
			);
			inputPaths = (
				"${PODS_PODFILE_DIR_PATH}/Podfile.lock",
				"${PODS_ROOT}/Manifest.lock",
			);
			name = "[CP] Check Pods Manifest.lock";
			outputFileListPaths = (
			);
			outputPaths = (
				"$(DERIVED_FILE_DIR)/Pods-XJHttpEngineUITests-checkManifestLockResult.txt",
			);
			runOnlyForDeploymentPostprocessing = 0;
			shellPath = /bin/sh;
			shellScript = "diff \"${PODS_PODFILE_DIR_PATH}/Podfile.lock\" \"${PODS_ROOT}/Manifest.lock\" > /dev/null\nif [ $? != 0 ] ; then\n    # print error to STDERR\n    echo \"error: The sandbox is not in sync with the Podfile.lock. Run 'pod install' or update your CocoaPods installation.\" >&2\n    exit 1\nfi\n# This output is used by Xcode 'outputs' to avoid re-running this script phase.\necho \"SUCCESS\" > \"${SCRIPT_OUTPUT_FILE_0}\"\n";
			showEnvVarsInLog = 0;
		};
		E06959BD2558A9816846F3FA /* [CP] Embed Pods Frameworks */ = {
			isa = PBXShellScriptBuildPhase;
			buildActionMask = 2147483647;
			files = (
			);
			inputFileListPaths = (
				"${PODS_ROOT}/Target Support Files/Pods-XJHttpEngine/Pods-XJHttpEngine-frameworks-${CONFIGURATION}-input-files.xcfilelist",
			);
			name = "[CP] Embed Pods Frameworks";
			outputFileListPaths = (
				"${PODS_ROOT}/Target Support Files/Pods-XJHttpEngine/Pods-XJHttpEngine-frameworks-${CONFIGURATION}-output-files.xcfilelist",
			);
			runOnlyForDeploymentPostprocessing = 0;
			shellPath = /bin/sh;
			shellScript = "\"${PODS_ROOT}/Target Support Files/Pods-XJHttpEngine/Pods-XJHttpEngine-frameworks.sh\"\n";
			showEnvVarsInLog = 0;
		};
		F415808DBAEE5FBF2B59FD15 /* [CP] Check Pods Manifest.lock */ = {
			isa = PBXShellScriptBuildPhase;
			buildActionMask = 2147483647;
			files = (
			);
			inputFileListPaths = (
			);
			inputPaths = (
				"${PODS_PODFILE_DIR_PATH}/Podfile.lock",
				"${PODS_ROOT}/Manifest.lock",
			);
			name = "[CP] Check Pods Manifest.lock";
			outputFileListPaths = (
			);
			outputPaths = (
				"$(DERIVED_FILE_DIR)/Pods-XJHttpEngine-checkManifestLockResult.txt",
			);
			runOnlyForDeploymentPostprocessing = 0;
			shellPath = /bin/sh;
			shellScript = "diff \"${PODS_PODFILE_DIR_PATH}/Podfile.lock\" \"${PODS_ROOT}/Manifest.lock\" > /dev/null\nif [ $? != 0 ] ; then\n    # print error to STDERR\n    echo \"error: The sandbox is not in sync with the Podfile.lock. Run 'pod install' or update your CocoaPods installation.\" >&2\n    exit 1\nfi\n# This output is used by Xcode 'outputs' to avoid re-running this script phase.\necho \"SUCCESS\" > \"${SCRIPT_OUTPUT_FILE_0}\"\n";
			showEnvVarsInLog = 0;
		};
/* End PBXShellScriptBuildPhase section */

/* Begin PBXSourcesBuildPhase section */
		671A95A122C9A7220003E456 /* Sources */ = {
			isa = PBXSourcesBuildPhase;
			buildActionMask = 2147483647;
			files = (
				671A95AD22C9A7220003E456 /* ViewController.m in Sources */,
				671A95B822C9A7230003E456 /* main.m in Sources */,
				671A95E022C9A8050003E456 /* XJHttpEngine.m in Sources */,
				671A95DF22C9A8050003E456 /* XJRequestResponse.m in Sources */,
				671A95AA22C9A7220003E456 /* AppDelegate.m in Sources */,
			);
			runOnlyForDeploymentPostprocessing = 0;
		};
		671A95B922C9A7230003E456 /* Sources */ = {
			isa = PBXSourcesBuildPhase;
			buildActionMask = 2147483647;
			files = (
				671A95C222C9A7230003E456 /* XJHttpEngineTests.m in Sources */,
			);
			runOnlyForDeploymentPostprocessing = 0;
		};
		671A95C422C9A7230003E456 /* Sources */ = {
			isa = PBXSourcesBuildPhase;
			buildActionMask = 2147483647;
			files = (
				671A95CD22C9A7230003E456 /* XJHttpEngineUITests.m in Sources */,
			);
			runOnlyForDeploymentPostprocessing = 0;
		};
/* End PBXSourcesBuildPhase section */

/* Begin PBXTargetDependency section */
		671A95BF22C9A7230003E456 /* PBXTargetDependency */ = {
			isa = PBXTargetDependency;
			target = 671A95A422C9A7220003E456 /* XJHttpEngine */;
			targetProxy = 671A95BE22C9A7230003E456 /* PBXContainerItemProxy */;
		};
		671A95CA22C9A7230003E456 /* PBXTargetDependency */ = {
			isa = PBXTargetDependency;
			target = 671A95A422C9A7220003E456 /* XJHttpEngine */;
			targetProxy = 671A95C922C9A7230003E456 /* PBXContainerItemProxy */;
		};
/* End PBXTargetDependency section */

/* Begin PBXVariantGroup section */
		671A95AE22C9A7220003E456 /* Main.storyboard */ = {
			isa = PBXVariantGroup;
			children = (
				671A95AF22C9A7220003E456 /* Base */,
			);
			name = Main.storyboard;
			sourceTree = "<group>";
		};
		671A95B322C9A7230003E456 /* LaunchScreen.storyboard */ = {
			isa = PBXVariantGroup;
			children = (
				671A95B422C9A7230003E456 /* Base */,
			);
			name = LaunchScreen.storyboard;
			sourceTree = "<group>";
		};
/* End PBXVariantGroup section */

/* Begin XCBuildConfiguration section */
		671A95CF22C9A7230003E456 /* Debug */ = {
			isa = XCBuildConfiguration;
			buildSettings = {
				ALWAYS_SEARCH_USER_PATHS = NO;
				CLANG_ANALYZER_NONNULL = YES;
				CLANG_ANALYZER_NUMBER_OBJECT_CONVERSION = YES_AGGRESSIVE;
				CLANG_CXX_LANGUAGE_STANDARD = "gnu++14";
				CLANG_CXX_LIBRARY = "libc++";
				CLANG_ENABLE_MODULES = YES;
				CLANG_ENABLE_OBJC_ARC = YES;
				CLANG_ENABLE_OBJC_WEAK = YES;
				CLANG_WARN_BLOCK_CAPTURE_AUTORELEASING = YES;
				CLANG_WARN_BOOL_CONVERSION = YES;
				CLANG_WARN_COMMA = YES;
				CLANG_WARN_CONSTANT_CONVERSION = YES;
				CLANG_WARN_DEPRECATED_OBJC_IMPLEMENTATIONS = YES;
				CLANG_WARN_DIRECT_OBJC_ISA_USAGE = YES_ERROR;
				CLANG_WARN_DOCUMENTATION_COMMENTS = YES;
				CLANG_WARN_EMPTY_BODY = YES;
				CLANG_WARN_ENUM_CONVERSION = YES;
				CLANG_WARN_INFINITE_RECURSION = YES;
				CLANG_WARN_INT_CONVERSION = YES;
				CLANG_WARN_NON_LITERAL_NULL_CONVERSION = YES;
				CLANG_WARN_OBJC_IMPLICIT_RETAIN_SELF = YES;
				CLANG_WARN_OBJC_LITERAL_CONVERSION = YES;
				CLANG_WARN_OBJC_ROOT_CLASS = YES_ERROR;
				CLANG_WARN_RANGE_LOOP_ANALYSIS = YES;
				CLANG_WARN_STRICT_PROTOTYPES = YES;
				CLANG_WARN_SUSPICIOUS_MOVE = YES;
				CLANG_WARN_UNGUARDED_AVAILABILITY = YES_AGGRESSIVE;
				CLANG_WARN_UNREACHABLE_CODE = YES;
				CLANG_WARN__DUPLICATE_METHOD_MATCH = YES;
				CODE_SIGN_IDENTITY = "iPhone Developer";
				COPY_PHASE_STRIP = NO;
				DEBUG_INFORMATION_FORMAT = dwarf;
				ENABLE_STRICT_OBJC_MSGSEND = YES;
				ENABLE_TESTABILITY = YES;
				GCC_C_LANGUAGE_STANDARD = gnu11;
				GCC_DYNAMIC_NO_PIC = NO;
				GCC_NO_COMMON_BLOCKS = YES;
				GCC_OPTIMIZATION_LEVEL = 0;
				GCC_PREPROCESSOR_DEFINITIONS = (
					"DEBUG=1",
					"$(inherited)",
				);
				GCC_WARN_64_TO_32_BIT_CONVERSION = YES;
				GCC_WARN_ABOUT_RETURN_TYPE = YES_ERROR;
				GCC_WARN_UNDECLARED_SELECTOR = YES;
				GCC_WARN_UNINITIALIZED_AUTOS = YES_AGGRESSIVE;
				GCC_WARN_UNUSED_FUNCTION = YES;
				GCC_WARN_UNUSED_VARIABLE = YES;
				IPHONEOS_DEPLOYMENT_TARGET = 12.2;
				MTL_ENABLE_DEBUG_INFO = INCLUDE_SOURCE;
				MTL_FAST_MATH = YES;
				ONLY_ACTIVE_ARCH = YES;
				SDKROOT = iphoneos;
			};
			name = Debug;
		};
		671A95D022C9A7230003E456 /* Release */ = {
			isa = XCBuildConfiguration;
			buildSettings = {
				ALWAYS_SEARCH_USER_PATHS = NO;
				CLANG_ANALYZER_NONNULL = YES;
				CLANG_ANALYZER_NUMBER_OBJECT_CONVERSION = YES_AGGRESSIVE;
				CLANG_CXX_LANGUAGE_STANDARD = "gnu++14";
				CLANG_CXX_LIBRARY = "libc++";
				CLANG_ENABLE_MODULES = YES;
				CLANG_ENABLE_OBJC_ARC = YES;
				CLANG_ENABLE_OBJC_WEAK = YES;
				CLANG_WARN_BLOCK_CAPTURE_AUTORELEASING = YES;
				CLANG_WARN_BOOL_CONVERSION = YES;
				CLANG_WARN_COMMA = YES;
				CLANG_WARN_CONSTANT_CONVERSION = YES;
				CLANG_WARN_DEPRECATED_OBJC_IMPLEMENTATIONS = YES;
				CLANG_WARN_DIRECT_OBJC_ISA_USAGE = YES_ERROR;
				CLANG_WARN_DOCUMENTATION_COMMENTS = YES;
				CLANG_WARN_EMPTY_BODY = YES;
				CLANG_WARN_ENUM_CONVERSION = YES;
				CLANG_WARN_INFINITE_RECURSION = YES;
				CLANG_WARN_INT_CONVERSION = YES;
				CLANG_WARN_NON_LITERAL_NULL_CONVERSION = YES;
				CLANG_WARN_OBJC_IMPLICIT_RETAIN_SELF = YES;
				CLANG_WARN_OBJC_LITERAL_CONVERSION = YES;
				CLANG_WARN_OBJC_ROOT_CLASS = YES_ERROR;
				CLANG_WARN_RANGE_LOOP_ANALYSIS = YES;
				CLANG_WARN_STRICT_PROTOTYPES = YES;
				CLANG_WARN_SUSPICIOUS_MOVE = YES;
				CLANG_WARN_UNGUARDED_AVAILABILITY = YES_AGGRESSIVE;
				CLANG_WARN_UNREACHABLE_CODE = YES;
				CLANG_WARN__DUPLICATE_METHOD_MATCH = YES;
				CODE_SIGN_IDENTITY = "iPhone Developer";
				COPY_PHASE_STRIP = NO;
				DEBUG_INFORMATION_FORMAT = "dwarf-with-dsym";
				ENABLE_NS_ASSERTIONS = NO;
				ENABLE_STRICT_OBJC_MSGSEND = YES;
				GCC_C_LANGUAGE_STANDARD = gnu11;
				GCC_NO_COMMON_BLOCKS = YES;
				GCC_WARN_64_TO_32_BIT_CONVERSION = YES;
				GCC_WARN_ABOUT_RETURN_TYPE = YES_ERROR;
				GCC_WARN_UNDECLARED_SELECTOR = YES;
				GCC_WARN_UNINITIALIZED_AUTOS = YES_AGGRESSIVE;
				GCC_WARN_UNUSED_FUNCTION = YES;
				GCC_WARN_UNUSED_VARIABLE = YES;
				IPHONEOS_DEPLOYMENT_TARGET = 12.2;
				MTL_ENABLE_DEBUG_INFO = NO;
				MTL_FAST_MATH = YES;
				SDKROOT = iphoneos;
				VALIDATE_PRODUCT = YES;
			};
			name = Release;
		};
		671A95D222C9A7230003E456 /* Debug */ = {
			isa = XCBuildConfiguration;
			baseConfigurationReference = 7FB1F1F994F55305CB0865BF /* Pods-XJHttpEngine.debug.xcconfig */;
			buildSettings = {
				ASSETCATALOG_COMPILER_APPICON_NAME = AppIcon;
				CODE_SIGN_STYLE = Automatic;
				DEVELOPMENT_TEAM = D265WCWRD3;
				INFOPLIST_FILE = XJHttpEngine/Info.plist;
				LD_RUNPATH_SEARCH_PATHS = (
					"$(inherited)",
					"@executable_path/Frameworks",
				);
				PRODUCT_BUNDLE_IDENTIFIER = com.sxj.XJHttpEngine;
				PRODUCT_NAME = "$(TARGET_NAME)";
				TARGETED_DEVICE_FAMILY = "1,2";
			};
			name = Debug;
		};
		671A95D322C9A7230003E456 /* Release */ = {
			isa = XCBuildConfiguration;
			baseConfigurationReference = 0FFD49D09A754A4775833682 /* Pods-XJHttpEngine.release.xcconfig */;
			buildSettings = {
				ASSETCATALOG_COMPILER_APPICON_NAME = AppIcon;
				CODE_SIGN_STYLE = Automatic;
				DEVELOPMENT_TEAM = D265WCWRD3;
				INFOPLIST_FILE = XJHttpEngine/Info.plist;
				LD_RUNPATH_SEARCH_PATHS = (
					"$(inherited)",
					"@executable_path/Frameworks",
				);
				PRODUCT_BUNDLE_IDENTIFIER = com.sxj.XJHttpEngine;
				PRODUCT_NAME = "$(TARGET_NAME)";
				TARGETED_DEVICE_FAMILY = "1,2";
			};
			name = Release;
		};
		671A95D522C9A7230003E456 /* Debug */ = {
			isa = XCBuildConfiguration;
			baseConfigurationReference = 6B717844888572A6AF674F27 /* Pods-XJHttpEngineTests.debug.xcconfig */;
			buildSettings = {
				BUNDLE_LOADER = "$(TEST_HOST)";
				CODE_SIGN_STYLE = Automatic;
				DEVELOPMENT_TEAM = D265WCWRD3;
				INFOPLIST_FILE = XJHttpEngineTests/Info.plist;
				LD_RUNPATH_SEARCH_PATHS = (
					"$(inherited)",
					"@executable_path/Frameworks",
					"@loader_path/Frameworks",
				);
				PRODUCT_BUNDLE_IDENTIFIER = com.sxj.XJHttpEngineTests;
				PRODUCT_NAME = "$(TARGET_NAME)";
				TARGETED_DEVICE_FAMILY = "1,2";
				TEST_HOST = "$(BUILT_PRODUCTS_DIR)/XJHttpEngine.app/XJHttpEngine";
			};
			name = Debug;
		};
		671A95D622C9A7230003E456 /* Release */ = {
			isa = XCBuildConfiguration;
			baseConfigurationReference = C6512FD5C4AA317FB28BA17C /* Pods-XJHttpEngineTests.release.xcconfig */;
			buildSettings = {
				BUNDLE_LOADER = "$(TEST_HOST)";
				CODE_SIGN_STYLE = Automatic;
				DEVELOPMENT_TEAM = D265WCWRD3;
				INFOPLIST_FILE = XJHttpEngineTests/Info.plist;
				LD_RUNPATH_SEARCH_PATHS = (
					"$(inherited)",
					"@executable_path/Frameworks",
					"@loader_path/Frameworks",
				);
				PRODUCT_BUNDLE_IDENTIFIER = com.sxj.XJHttpEngineTests;
				PRODUCT_NAME = "$(TARGET_NAME)";
				TARGETED_DEVICE_FAMILY = "1,2";
				TEST_HOST = "$(BUILT_PRODUCTS_DIR)/XJHttpEngine.app/XJHttpEngine";
			};
			name = Release;
		};
		671A95D822C9A7230003E456 /* Debug */ = {
			isa = XCBuildConfiguration;
			baseConfigurationReference = D125195E2CBB94F3CDAF7DDF /* Pods-XJHttpEngineUITests.debug.xcconfig */;
			buildSettings = {
				CODE_SIGN_STYLE = Automatic;
				DEVELOPMENT_TEAM = D265WCWRD3;
				INFOPLIST_FILE = XJHttpEngineUITests/Info.plist;
				LD_RUNPATH_SEARCH_PATHS = (
					"$(inherited)",
					"@executable_path/Frameworks",
					"@loader_path/Frameworks",
				);
				PRODUCT_BUNDLE_IDENTIFIER = com.sxj.XJHttpEngineUITests;
				PRODUCT_NAME = "$(TARGET_NAME)";
				TARGETED_DEVICE_FAMILY = "1,2";
				TEST_TARGET_NAME = XJHttpEngine;
			};
			name = Debug;
		};
		671A95D922C9A7230003E456 /* Release */ = {
			isa = XCBuildConfiguration;
			baseConfigurationReference = 85567FB16FEAE248A77B41DD /* Pods-XJHttpEngineUITests.release.xcconfig */;
			buildSettings = {
				CODE_SIGN_STYLE = Automatic;
				DEVELOPMENT_TEAM = D265WCWRD3;
				INFOPLIST_FILE = XJHttpEngineUITests/Info.plist;
				LD_RUNPATH_SEARCH_PATHS = (
					"$(inherited)",
					"@executable_path/Frameworks",
					"@loader_path/Frameworks",
				);
				PRODUCT_BUNDLE_IDENTIFIER = com.sxj.XJHttpEngineUITests;
				PRODUCT_NAME = "$(TARGET_NAME)";
				TARGETED_DEVICE_FAMILY = "1,2";
				TEST_TARGET_NAME = XJHttpEngine;
			};
			name = Release;
		};
/* End XCBuildConfiguration section */

/* Begin XCConfigurationList section */
		671A95A022C9A7220003E456 /* Build configuration list for PBXProject "XJHttpEngine" */ = {
			isa = XCConfigurationList;
			buildConfigurations = (
				671A95CF22C9A7230003E456 /* Debug */,
				671A95D022C9A7230003E456 /* Release */,
			);
			defaultConfigurationIsVisible = 0;
			defaultConfigurationName = Release;
		};
		671A95D122C9A7230003E456 /* Build configuration list for PBXNativeTarget "XJHttpEngine" */ = {
			isa = XCConfigurationList;
			buildConfigurations = (
				671A95D222C9A7230003E456 /* Debug */,
				671A95D322C9A7230003E456 /* Release */,
			);
			defaultConfigurationIsVisible = 0;
			defaultConfigurationName = Release;
		};
		671A95D422C9A7230003E456 /* Build configuration list for PBXNativeTarget "XJHttpEngineTests" */ = {
			isa = XCConfigurationList;
			buildConfigurations = (
				671A95D522C9A7230003E456 /* Debug */,
				671A95D622C9A7230003E456 /* Release */,
			);
			defaultConfigurationIsVisible = 0;
			defaultConfigurationName = Release;
		};
		671A95D722C9A7230003E456 /* Build configuration list for PBXNativeTarget "XJHttpEngineUITests" */ = {
			isa = XCConfigurationList;
			buildConfigurations = (
				671A95D822C9A7230003E456 /* Debug */,
				671A95D922C9A7230003E456 /* Release */,
			);
			defaultConfigurationIsVisible = 0;
			defaultConfigurationName = Release;
		};
/* End XCConfigurationList section */
	};
	rootObject = 671A959D22C9A7220003E456 /* Project object */;
}
